
Microsoft Visual Studio Solution File, Format Version 12.00
# Visual Studio Version 16
VisualStudioVersion = 25.0.1705.4
MinimumVisualStudioVersion = 10.0.40219.1
Project("{FAE04EC0-301F-11D3-BF4B-00C04F79EFBC}") = "ScaleneT", "ScaleneT\ScaleneT.csproj", "{1D99FA81-6FAF-4B1B-B8D8-C37D91CE6C83}"
EndProject
Project("{FAE04EC0-301F-11D3-BF4B-00C04F79EFBC}") = "Triangle", "Triangle\Triangle.csproj", "{C0811AF0-16F6-400D-B760-656B361E3F8E}"
EndProject
Global
	GlobalSection(SolutionConfigurationPlatforms) = preSolution
		Debug|Any CPU = Debug|Any CPU
		Release|Any CPU = Release|Any CPU
	EndGlobalSection
	GlobalSection(ProjectConfigurationPlatforms) = postSolution
		{1D99FA81-6FAF-4B1B-B8D8-C37D91CE6C83}.Debug|Any CPU.ActiveCfg = Debug|Any CPU
		{1D99FA81-6FAF-4B1B-B8D8-C37D91CE6C83}.Debug|Any CPU.Build.0 = Debug|Any CPU
		{1D99FA81-6FAF-4B1B-B8D8-C37D91CE6C83}.Release|Any CPU.ActiveCfg = Release|Any CPU
		{1D99FA81-6FAF-4B1B-B8D8-C37D91CE6C83}.Release|Any CPU.Build.0 = Release|Any CPU
		{C0811AF0-16F6-400D-B760-656B361E3F8E}.Debug|Any CPU.ActiveCfg = Debug|Any CPU
		{C0811AF0-16F6-400D-B760-656B361E3F8E}.Debug|Any CPU.Build.0 = Debug|Any CPU
		{C0811AF0-16F6-400D-B760-656B361E3F8E}.Release|Any CPU.ActiveCfg = Release|Any CPU
		{C0811AF0-16F6-400D-B760-656B361E3F8E}.Release|Any CPU.Build.0 = Release|Any CPU
	EndGlobalSection
	GlobalSection(SolutionProperties) = preSolution
		HideSolutionNode = FALSE
	EndGlobalSection
	GlobalSection(ExtensibilityGlobals) = postSolution
		SolutionGuid = {DE8D99B8-A1BF-40AC-8DB7-5227E69B0CE3}
	EndGlobalSection
EndGlobal
